
Microsoft Visual Studio Solution File, Format Version 12.00
# Visual Studio 2013
VisualStudioVersion = 12.0.31101.0
MinimumVisualStudioVersion = 10.0.40219.1
Project("{FAE04EC0-301F-11D3-BF4B-00C04F79EFBC}") = "Heaven", "Heaven\Heaven.csproj", "{EB34AEE5-5A17-45D3-98A9-E61863AAE769}"
EndProject
Project("{FAE04EC0-301F-11D3-BF4B-00C04F79EFBC}") = "Messages", "Messages\Messages.csproj", "{54C49B26-ECB4-47F5-BDA1-798283FD969F}"
EndProject
Project("{FAE04EC0-301F-11D3-BF4B-00C04F79EFBC}") = "Earth", "Earth\Earth.csproj", "{DD6D8302-A4F5-444C-83D6-99FFE2446C00}"
EndProject
Global
	GlobalSection(SolutionConfigurationPlatforms) = preSolution
		Debug|Any CPU = Debug|Any CPU
		Release|Any CPU = Release|Any CPU
	EndGlobalSection
	GlobalSection(ProjectConfigurationPlatforms) = postSolution
		{EB34AEE5-5A17-45D3-98A9-E61863AAE769}.Debug|Any CPU.ActiveCfg = Debug|Any CPU
		{EB34AEE5-5A17-45D3-98A9-E61863AAE769}.Debug|Any CPU.Build.0 = Debug|Any CPU
		{EB34AEE5-5A17-45D3-98A9-E61863AAE769}.Release|Any CPU.ActiveCfg = Release|Any CPU
		{EB34AEE5-5A17-45D3-98A9-E61863AAE769}.Release|Any CPU.Build.0 = Release|Any CPU
		{54C49B26-ECB4-47F5-BDA1-798283FD969F}.Debug|Any CPU.ActiveCfg = Debug|Any CPU
		{54C49B26-ECB4-47F5-BDA1-798283FD969F}.Debug|Any CPU.Build.0 = Debug|Any CPU
		{54C49B26-ECB4-47F5-BDA1-798283FD969F}.Release|Any CPU.ActiveCfg = Release|Any CPU
		{54C49B26-ECB4-47F5-BDA1-798283FD969F}.Release|Any CPU.Build.0 = Release|Any CPU
		{DD6D8302-A4F5-444C-83D6-99FFE2446C00}.Debug|Any CPU.ActiveCfg = Debug|Any CPU
		{DD6D8302-A4F5-444C-83D6-99FFE2446C00}.Debug|Any CPU.Build.0 = Debug|Any CPU
		{DD6D8302-A4F5-444C-83D6-99FFE2446C00}.Release|Any CPU.ActiveCfg = Release|Any CPU
		{DD6D8302-A4F5-444C-83D6-99FFE2446C00}.Release|Any CPU.Build.0 = Release|Any CPU
	EndGlobalSection
	GlobalSection(SolutionProperties) = preSolution
		HideSolutionNode = FALSE
	EndGlobalSection
EndGlobal
